// !$*UTF8*$!
{
	archiveVersion = 1;
	classes = {
	};
	objectVersion = 55;
	objects = {

/* Begin PBXBuildFile section */
		3BBC15BA280B4B3B00353648 /* Tests_iOS.swift in Sources */ = {isa = PBXBuildFile; fileRef = 3BBC15B9280B4B3B00353648 /* Tests_iOS.swift */; };
		3BBC15BC280B4B3B00353648 /* Tests_iOSLaunchTests.swift in Sources */ = {isa = PBXBuildFile; fileRef = 3BBC15BB280B4B3B00353648 /* Tests_iOSLaunchTests.swift */; };
		3BBC15C6280B4B3B00353648 /* Tests_macOS.swift in Sources */ = {isa = PBXBuildFile; fileRef = 3BBC15C5280B4B3B00353648 /* Tests_macOS.swift */; };
		3BBC15C8280B4B3B00353648 /* Tests_macOSLaunchTests.swift in Sources */ = {isa = PBXBuildFile; fileRef = 3BBC15C7280B4B3B00353648 /* Tests_macOSLaunchTests.swift */; };
		3BBC15C9280B4B3B00353648 /* VideoPlayerAppApp.swift in Sources */ = {isa = PBXBuildFile; fileRef = 3BBC15A1280B4B3900353648 /* VideoPlayerAppApp.swift */; };
		3BBC15CA280B4B3B00353648 /* VideoPlayerAppApp.swift in Sources */ = {isa = PBXBuildFile; fileRef = 3BBC15A1280B4B3900353648 /* VideoPlayerAppApp.swift */; };
		3BBC15CB280B4B3B00353648 /* ContentView.swift in Sources */ = {isa = PBXBuildFile; fileRef = 3BBC15A2280B4B3900353648 /* ContentView.swift */; };
		3BBC15CC280B4B3B00353648 /* ContentView.swift in Sources */ = {isa = PBXBuildFile; fileRef = 3BBC15A2280B4B3900353648 /* ContentView.swift */; };
		3BBC15CD280B4B3B00353648 /* Assets.xcassets in Resources */ = {isa = PBXBuildFile; fileRef = 3BBC15A3280B4B3B00353648 /* Assets.xcassets */; };
		3BBC15CE280B4B3B00353648 /* Assets.xcassets in Resources */ = {isa = PBXBuildFile; fileRef = 3BBC15A3280B4B3B00353648 /* Assets.xcassets */; };
		3BBC15DE280B4EB500353648 /* IMG_0223.MOV in Resources */ = {isa = PBXBuildFile; fileRef = 3BBC15DD280B4EB500353648 /* IMG_0223.MOV */; };
		3BBC15DF280B4EB500353648 /* IMG_0223.MOV in Resources */ = {isa = PBXBuildFile; fileRef = 3BBC15DD280B4EB500353648 /* IMG_0223.MOV */; };
		3BBC15E1280C9DDE00353648 /* Scrubber.swift in Sources */ = {isa = PBXBuildFile; fileRef = 3BBC15E0280C9DDE00353648 /* Scrubber.swift */; };
		3BBC15E2280C9DDE00353648 /* Scrubber.swift in Sources */ = {isa = PBXBuildFile; fileRef = 3BBC15E0280C9DDE00353648 /* Scrubber.swift */; };
		3BBC15E4280CA7F000353648 /* Thumbnail.swift in Sources */ = {isa = PBXBuildFile; fileRef = 3BBC15E3280CA7F000353648 /* Thumbnail.swift */; };
		3BBC15E5280CA7F000353648 /* Thumbnail.swift in Sources */ = {isa = PBXBuildFile; fileRef = 3BBC15E3280CA7F000353648 /* Thumbnail.swift */; };
		3BBC15E7280CE53B00353648 /* CustomControlsView.swift in Sources */ = {isa = PBXBuildFile; fileRef = 3BBC15E6280CE53B00353648 /* CustomControlsView.swift */; };
		3BBC15E8280CE53B00353648 /* CustomControlsView.swift in Sources */ = {isa = PBXBuildFile; fileRef = 3BBC15E6280CE53B00353648 /* CustomControlsView.swift */; };
		3BBC15EA280CEC5200353648 /* PlayerViewModel.swift in Sources */ = {isa = PBXBuildFile; fileRef = 3BBC15E9280CEC5200353648 /* PlayerViewModel.swift */; };
		3BBC15EB280CEC5200353648 /* PlayerViewModel.swift in Sources */ = {isa = PBXBuildFile; fileRef = 3BBC15E9280CEC5200353648 /* PlayerViewModel.swift */; };
		3BBC15EE280D251500353648 /* CustomVideoPlayer.swift in Sources */ = {isa = PBXBuildFile; fileRef = 3BBC15ED280D251500353648 /* CustomVideoPlayer.swift */; };
		3BBC15EF280D251500353648 /* CustomVideoPlayer.swift in Sources */ = {isa = PBXBuildFile; fileRef = 3BBC15ED280D251500353648 /* CustomVideoPlayer.swift */; };
		3BBC15F1280F67DB00353648 /* TrackableScrollView.swift in Sources */ = {isa = PBXBuildFile; fileRef = 3BBC15F0280F67DB00353648 /* TrackableScrollView.swift */; };
		3BBC15F2280F67DB00353648 /* TrackableScrollView.swift in Sources */ = {isa = PBXBuildFile; fileRef = 3BBC15F0280F67DB00353648 /* TrackableScrollView.swift */; };
		3BBC15F4280F681200353648 /* ScrollOffsetPreferenceKey.swift in Sources */ = {isa = PBXBuildFile; fileRef = 3BBC15F3280F681200353648 /* ScrollOffsetPreferenceKey.swift */; };
		3BBC15F5280F681200353648 /* ScrollOffsetPreferenceKey.swift in Sources */ = {isa = PBXBuildFile; fileRef = 3BBC15F3280F681200353648 /* ScrollOffsetPreferenceKey.swift */; };
/* End PBXBuildFile section */

/* Begin PBXContainerItemProxy section */
		3BBC15B6280B4B3B00353648 /* PBXContainerItemProxy */ = {
			isa = PBXContainerItemProxy;
			containerPortal = 3BBC159C280B4B3800353648 /* Project object */;
			proxyType = 1;
			remoteGlobalIDString = 3BBC15A7280B4B3B00353648;
			remoteInfo = "VideoPlayerApp (iOS)";
		};
		3BBC15C2280B4B3B00353648 /* PBXContainerItemProxy */ = {
			isa = PBXContainerItemProxy;
			containerPortal = 3BBC159C280B4B3800353648 /* Project object */;
			proxyType = 1;
			remoteGlobalIDString = 3BBC15AD280B4B3B00353648;
			remoteInfo = "VideoPlayerApp (macOS)";
		};
/* End PBXContainerItemProxy section */

/* Begin PBXFileReference section */
		3BBC15A1280B4B3900353648 /* VideoPlayerAppApp.swift */ = {isa = PBXFileReference; lastKnownFileType = sourcecode.swift; path = VideoPlayerAppApp.swift; sourceTree = "<group>"; };
		3BBC15A2280B4B3900353648 /* ContentView.swift */ = {isa = PBXFileReference; lastKnownFileType = sourcecode.swift; path = ContentView.swift; sourceTree = "<group>"; };
		3BBC15A3280B4B3B00353648 /* Assets.xcassets */ = {isa = PBXFileReference; lastKnownFileType = folder.assetcatalog; path = Assets.xcassets; sourceTree = "<group>"; };
		3BBC15A8280B4B3B00353648 /* VideoPlayerApp.app */ = {isa = PBXFileReference; explicitFileType = wrapper.application; includeInIndex = 0; path = VideoPlayerApp.app; sourceTree = BUILT_PRODUCTS_DIR; };
		3BBC15AE280B4B3B00353648 /* VideoPlayerApp.app */ = {isa = PBXFileReference; explicitFileType = wrapper.application; includeInIndex = 0; path = VideoPlayerApp.app; sourceTree = BUILT_PRODUCTS_DIR; };
		3BBC15B0280B4B3B00353648 /* macOS.entitlements */ = {isa = PBXFileReference; lastKnownFileType = text.plist.entitlements; path = macOS.entitlements; sourceTree = "<group>"; };
		3BBC15B5280B4B3B00353648 /* Tests iOS.xctest */ = {isa = PBXFileReference; explicitFileType = wrapper.cfbundle; includeInIndex = 0; path = "Tests iOS.xctest"; sourceTree = BUILT_PRODUCTS_DIR; };
		3BBC15B9280B4B3B00353648 /* Tests_iOS.swift */ = {isa = PBXFileReference; lastKnownFileType = sourcecode.swift; path = Tests_iOS.swift; sourceTree = "<group>"; };
		3BBC15BB280B4B3B00353648 /* Tests_iOSLaunchTests.swift */ = {isa = PBXFileReference; lastKnownFileType = sourcecode.swift; path = Tests_iOSLaunchTests.swift; sourceTree = "<group>"; };
		3BBC15C1280B4B3B00353648 /* Tests macOS.xctest */ = {isa = PBXFileReference; explicitFileType = wrapper.cfbundle; includeInIndex = 0; path = "Tests macOS.xctest"; sourceTree = BUILT_PRODUCTS_DIR; };
		3BBC15C5280B4B3B00353648 /* Tests_macOS.swift */ = {isa = PBXFileReference; lastKnownFileType = sourcecode.swift; path = Tests_macOS.swift; sourceTree = "<group>"; };
		3BBC15C7280B4B3B00353648 /* Tests_macOSLaunchTests.swift */ = {isa = PBXFileReference; lastKnownFileType = sourcecode.swift; path = Tests_macOSLaunchTests.swift; sourceTree = "<group>"; };
		3BBC15DD280B4EB500353648 /* IMG_0223.MOV */ = {isa = PBXFileReference; lastKnownFileType = video.quicktime; name = IMG_0223.MOV; path = ../../../../Downloads/IMG_0223.MOV; sourceTree = "<group>"; };
		3BBC15E0280C9DDE00353648 /* Scrubber.swift */ = {isa = PBXFileReference; lastKnownFileType = sourcecode.swift; path = Scrubber.swift; sourceTree = "<group>"; };
		3BBC15E3280CA7F000353648 /* Thumbnail.swift */ = {isa = PBXFileReference; lastKnownFileType = sourcecode.swift; path = Thumbnail.swift; sourceTree = "<group>"; };
		3BBC15E6280CE53B00353648 /* CustomControlsView.swift */ = {isa = PBXFileReference; lastKnownFileType = sourcecode.swift; path = CustomControlsView.swift; sourceTree = "<group>"; };
		3BBC15E9280CEC5200353648 /* PlayerViewModel.swift */ = {isa = PBXFileReference; lastKnownFileType = sourcecode.swift; path = PlayerViewModel.swift; sourceTree = "<group>"; };
		3BBC15EC280D1C8F00353648 /* VideoPlayerApp--iOS--Info.plist */ = {isa = PBXFileReference; lastKnownFileType = text.plist; path = "VideoPlayerApp--iOS--Info.plist"; sourceTree = "<group>"; };
		3BBC15ED280D251500353648 /* CustomVideoPlayer.swift */ = {isa = PBXFileReference; lastKnownFileType = sourcecode.swift; path = CustomVideoPlayer.swift; sourceTree = "<group>"; };
		3BBC15F0280F67DB00353648 /* TrackableScrollView.swift */ = {isa = PBXFileReference; lastKnownFileType = sourcecode.swift; path = TrackableScrollView.swift; sourceTree = "<group>"; };
		3BBC15F3280F681200353648 /* ScrollOffsetPreferenceKey.swift */ = {isa = PBXFileReference; lastKnownFileType = sourcecode.swift; path = ScrollOffsetPreferenceKey.swift; sourceTree = "<group>"; };
/* End PBXFileReference section */

/* Begin PBXFrameworksBuildPhase section */
		3BBC15A5280B4B3B00353648 /* Frameworks */ = {
			isa = PBXFrameworksBuildPhase;
			buildActionMask = 2147483647;
			files = (
			);
			runOnlyForDeploymentPostprocessing = 0;
		};
		3BBC15AB280B4B3B00353648 /* Frameworks */ = {
			isa = PBXFrameworksBuildPhase;
			buildActionMask = 2147483647;
			files = (
			);
			runOnlyForDeploymentPostprocessing = 0;
		};
		3BBC15B2280B4B3B00353648 /* Frameworks */ = {
			isa = PBXFrameworksBuildPhase;
			buildActionMask = 2147483647;
			files = (
			);
			runOnlyForDeploymentPostprocessing = 0;
		};
		3BBC15BE280B4B3B00353648 /* Frameworks */ = {
			isa = PBXFrameworksBuildPhase;
			buildActionMask = 2147483647;
			files = (
			);
			runOnlyForDeploymentPostprocessing = 0;
		};
/* End PBXFrameworksBuildPhase section */

/* Begin PBXGroup section */
		3BBC159B280B4B3800353648 = {
			isa = PBXGroup;
			children = (
				3BBC15EC280D1C8F00353648 /* VideoPlayerApp--iOS--Info.plist */,
				3BBC15A0280B4B3900353648 /* Shared */,
				3BBC15AF280B4B3B00353648 /* macOS */,
				3BBC15B8280B4B3B00353648 /* Tests iOS */,
				3BBC15C4280B4B3B00353648 /* Tests macOS */,
				3BBC15A9280B4B3B00353648 /* Products */,
			);
			sourceTree = "<group>";
		};
		3BBC15A0280B4B3900353648 /* Shared */ = {
			isa = PBXGroup;
			children = (
				3BBC15A1280B4B3900353648 /* VideoPlayerAppApp.swift */,
				3BBC15F0280F67DB00353648 /* TrackableScrollView.swift */,
				3BBC15F3280F681200353648 /* ScrollOffsetPreferenceKey.swift */,
				3BBC15A2280B4B3900353648 /* ContentView.swift */,
				3BBC15E0280C9DDE00353648 /* Scrubber.swift */,
				3BBC15E3280CA7F000353648 /* Thumbnail.swift */,
				3BBC15E6280CE53B00353648 /* CustomControlsView.swift */,
				3BBC15ED280D251500353648 /* CustomVideoPlayer.swift */,
				3BBC15E9280CEC5200353648 /* PlayerViewModel.swift */,
				3BBC15A3280B4B3B00353648 /* Assets.xcassets */,
				3BBC15DD280B4EB500353648 /* IMG_0223.MOV */,
			);
			path = Shared;
			sourceTree = "<group>";
		};
		3BBC15A9280B4B3B00353648 /* Products */ = {
			isa = PBXGroup;
			children = (
				3BBC15A8280B4B3B00353648 /* VideoPlayerApp.app */,
				3BBC15AE280B4B3B00353648 /* VideoPlayerApp.app */,
				3BBC15B5280B4B3B00353648 /* Tests iOS.xctest */,
				3BBC15C1280B4B3B00353648 /* Tests macOS.xctest */,
			);
			name = Products;
			sourceTree = "<group>";
		};
		3BBC15AF280B4B3B00353648 /* macOS */ = {
			isa = PBXGroup;
			children = (
				3BBC15B0280B4B3B00353648 /* macOS.entitlements */,
			);
			path = macOS;
			sourceTree = "<group>";
		};
		3BBC15B8280B4B3B00353648 /* Tests iOS */ = {
			isa = PBXGroup;
			children = (
				3BBC15B9280B4B3B00353648 /* Tests_iOS.swift */,
				3BBC15BB280B4B3B00353648 /* Tests_iOSLaunchTests.swift */,
			);
			path = "Tests iOS";
			sourceTree = "<group>";
		};
		3BBC15C4280B4B3B00353648 /* Tests macOS */ = {
			isa = PBXGroup;
			children = (
				3BBC15C5280B4B3B00353648 /* Tests_macOS.swift */,
				3BBC15C7280B4B3B00353648 /* Tests_macOSLaunchTests.swift */,
			);
			path = "Tests macOS";
			sourceTree = "<group>";
		};
/* End PBXGroup section */

/* Begin PBXNativeTarget section */
		3BBC15A7280B4B3B00353648 /* VideoPlayerApp (iOS) */ = {
			isa = PBXNativeTarget;
			buildConfigurationList = 3BBC15D1280B4B3B00353648 /* Build configuration list for PBXNativeTarget "VideoPlayerApp (iOS)" */;
			buildPhases = (
				3BBC15A4280B4B3B00353648 /* Sources */,
				3BBC15A5280B4B3B00353648 /* Frameworks */,
				3BBC15A6280B4B3B00353648 /* Resources */,
			);
			buildRules = (
			);
			dependencies = (
			);
			name = "VideoPlayerApp (iOS)";
			productName = "VideoPlayerApp (iOS)";
			productReference = 3BBC15A8280B4B3B00353648 /* VideoPlayerApp.app */;
			productType = "com.apple.product-type.application";
		};
		3BBC15AD280B4B3B00353648 /* VideoPlayerApp (macOS) */ = {
			isa = PBXNativeTarget;
			buildConfigurationList = 3BBC15D4280B4B3B00353648 /* Build configuration list for PBXNativeTarget "VideoPlayerApp (macOS)" */;
			buildPhases = (
				3BBC15AA280B4B3B00353648 /* Sources */,
				3BBC15AB280B4B3B00353648 /* Frameworks */,
				3BBC15AC280B4B3B00353648 /* Resources */,
			);
			buildRules = (
			);
			dependencies = (
			);
			name = "VideoPlayerApp (macOS)";
			productName = "VideoPlayerApp (macOS)";
			productReference = 3BBC15AE280B4B3B00353648 /* VideoPlayerApp.app */;
			productType = "com.apple.product-type.application";
		};
		3BBC15B4280B4B3B00353648 /* Tests iOS */ = {
			isa = PBXNativeTarget;
			buildConfigurationList = 3BBC15D7280B4B3B00353648 /* Build configuration list for PBXNativeTarget "Tests iOS" */;
			buildPhases = (
				3BBC15B1280B4B3B00353648 /* Sources */,
				3BBC15B2280B4B3B00353648 /* Frameworks */,
				3BBC15B3280B4B3B00353648 /* Resources */,
			);
			buildRules = (
			);
			dependencies = (
				3BBC15B7280B4B3B00353648 /* PBXTargetDependency */,
			);
			name = "Tests iOS";
			productName = "Tests iOS";
			productReference = 3BBC15B5280B4B3B00353648 /* Tests iOS.xctest */;
			productType = "com.apple.product-type.bundle.ui-testing";
		};
		3BBC15C0280B4B3B00353648 /* Tests macOS */ = {
			isa = PBXNativeTarget;
			buildConfigurationList = 3BBC15DA280B4B3B00353648 /* Build configuration list for PBXNativeTarget "Tests macOS" */;
			buildPhases = (
				3BBC15BD280B4B3B00353648 /* Sources */,
				3BBC15BE280B4B3B00353648 /* Frameworks */,
				3BBC15BF280B4B3B00353648 /* Resources */,
			);
			buildRules = (
			);
			dependencies = (
				3BBC15C3280B4B3B00353648 /* PBXTargetDependency */,
			);
			name = "Tests macOS";
			productName = "Tests macOS";
			productReference = 3BBC15C1280B4B3B00353648 /* Tests macOS.xctest */;
			productType = "com.apple.product-type.bundle.ui-testing";
		};
/* End PBXNativeTarget section */

/* Begin PBXProject section */
		3BBC159C280B4B3800353648 /* Project object */ = {
			isa = PBXProject;
			attributes = {
				BuildIndependentTargetsInParallel = 1;
				LastSwiftUpdateCheck = 1330;
				LastUpgradeCheck = 1330;
				TargetAttributes = {
					3BBC15A7280B4B3B00353648 = {
						CreatedOnToolsVersion = 13.3;
					};
					3BBC15AD280B4B3B00353648 = {
						CreatedOnToolsVersion = 13.3;
					};
					3BBC15B4280B4B3B00353648 = {
						CreatedOnToolsVersion = 13.3;
						TestTargetID = 3BBC15A7280B4B3B00353648;
					};
					3BBC15C0280B4B3B00353648 = {
						CreatedOnToolsVersion = 13.3;
						TestTargetID = 3BBC15AD280B4B3B00353648;
					};
				};
			};
			buildConfigurationList = 3BBC159F280B4B3800353648 /* Build configuration list for PBXProject "VideoPlayerApp" */;
			compatibilityVersion = "Xcode 13.0";
			developmentRegion = en;
			hasScannedForEncodings = 0;
			knownRegions = (
				en,
				Base,
			);
			mainGroup = 3BBC159B280B4B3800353648;
			productRefGroup = 3BBC15A9280B4B3B00353648 /* Products */;
			projectDirPath = "";
			projectRoot = "";
			targets = (
				3BBC15A7280B4B3B00353648 /* VideoPlayerApp (iOS) */,
				3BBC15AD280B4B3B00353648 /* VideoPlayerApp (macOS) */,
				3BBC15B4280B4B3B00353648 /* Tests iOS */,
				3BBC15C0280B4B3B00353648 /* Tests macOS */,
			);
		};
/* End PBXProject section */

/* Begin PBXResourcesBuildPhase section */
		3BBC15A6280B4B3B00353648 /* Resources */ = {
			isa = PBXResourcesBuildPhase;
			buildActionMask = 2147483647;
			files = (
				3BBC15CD280B4B3B00353648 /* Assets.xcassets in Resources */,
				3BBC15DE280B4EB500353648 /* IMG_0223.MOV in Resources */,
			);
			runOnlyForDeploymentPostprocessing = 0;
		};
		3BBC15AC280B4B3B00353648 /* Resources */ = {
			isa = PBXResourcesBuildPhase;
			buildActionMask = 2147483647;
			files = (
				3BBC15CE280B4B3B00353648 /* Assets.xcassets in Resources */,
				3BBC15DF280B4EB500353648 /* IMG_0223.MOV in Resources */,
			);
			runOnlyForDeploymentPostprocessing = 0;
		};
		3BBC15B3280B4B3B00353648 /* Resources */ = {
			isa = PBXResourcesBuildPhase;
			buildActionMask = 2147483647;
			files = (
			);
			runOnlyForDeploymentPostprocessing = 0;
		};
		3BBC15BF280B4B3B00353648 /* Resources */ = {
			isa = PBXResourcesBuildPhase;
			buildActionMask = 2147483647;
			files = (
			);
			runOnlyForDeploymentPostprocessing = 0;
		};
/* End PBXResourcesBuildPhase section */

/* Begin PBXSourcesBuildPhase section */
		3BBC15A4280B4B3B00353648 /* Sources */ = {
			isa = PBXSourcesBuildPhase;
			buildActionMask = 2147483647;
			files = (
				3BBC15EE280D251500353648 /* CustomVideoPlayer.swift in Sources */,
				3BBC15F4280F681200353648 /* ScrollOffsetPreferenceKey.swift in Sources */,
				3BBC15E7280CE53B00353648 /* CustomControlsView.swift in Sources */,
				3BBC15CB280B4B3B00353648 /* ContentView.swift in Sources */,
				3BBC15C9280B4B3B00353648 /* VideoPlayerAppApp.swift in Sources */,
				3BBC15EA280CEC5200353648 /* PlayerViewModel.swift in Sources */,
				3BBC15E4280CA7F000353648 /* Thumbnail.swift in Sources */,
				3BBC15E1280C9DDE00353648 /* Scrubber.swift in Sources */,
				3BBC15F1280F67DB00353648 /* TrackableScrollView.swift in Sources */,
			);
			runOnlyForDeploymentPostprocessing = 0;
		};
		3BBC15AA280B4B3B00353648 /* Sources */ = {
			isa = PBXSourcesBuildPhase;
			buildActionMask = 2147483647;
			files = (
				3BBC15EF280D251500353648 /* CustomVideoPlayer.swift in Sources */,
				3BBC15F5280F681200353648 /* ScrollOffsetPreferenceKey.swift in Sources */,
				3BBC15E8280CE53B00353648 /* CustomControlsView.swift in Sources */,
				3BBC15CC280B4B3B00353648 /* ContentView.swift in Sources */,
				3BBC15CA280B4B3B00353648 /* VideoPlayerAppApp.swift in Sources */,
				3BBC15EB280CEC5200353648 /* PlayerViewModel.swift in Sources */,
				3BBC15E5280CA7F000353648 /* Thumbnail.swift in Sources */,
				3BBC15E2280C9DDE00353648 /* Scrubber.swift in Sources */,
				3BBC15F2280F67DB00353648 /* TrackableScrollView.swift in Sources */,
			);
			runOnlyForDeploymentPostprocessing = 0;
		};
		3BBC15B1280B4B3B00353648 /* Sources */ = {
			isa = PBXSourcesBuildPhase;
			buildActionMask = 2147483647;
			files = (
				3BBC15BC280B4B3B00353648 /* Tests_iOSLaunchTests.swift in Sources */,
				3BBC15BA280B4B3B00353648 /* Tests_iOS.swift in Sources */,
			);
			runOnlyForDeploymentPostprocessing = 0;
		};
		3BBC15BD280B4B3B00353648 /* Sources */ = {
			isa = PBXSourcesBuildPhase;
			buildActionMask = 2147483647;
			files = (
				3BBC15C8280B4B3B00353648 /* Tests_macOSLaunchTests.swift in Sources */,
				3BBC15C6280B4B3B00353648 /* Tests_macOS.swift in Sources */,
			);
			runOnlyForDeploymentPostprocessing = 0;
		};
/* End PBXSourcesBuildPhase section */

/* Begin PBXTargetDependency section */
		3BBC15B7280B4B3B00353648 /* PBXTargetDependency */ = {
			isa = PBXTargetDependency;
			target = 3BBC15A7280B4B3B00353648 /* VideoPlayerApp (iOS) */;
			targetProxy = 3BBC15B6280B4B3B00353648 /* PBXContainerItemProxy */;
		};
		3BBC15C3280B4B3B00353648 /* PBXTargetDependency */ = {
			isa = PBXTargetDependency;
			target = 3BBC15AD280B4B3B00353648 /* VideoPlayerApp (macOS) */;
			targetProxy = 3BBC15C2280B4B3B00353648 /* PBXContainerItemProxy */;
		};
/* End PBXTargetDependency section */

/* Begin XCBuildConfiguration section */
		3BBC15CF280B4B3B00353648 /* Debug */ = {
			isa = XCBuildConfiguration;
			buildSettings = {
				ALWAYS_SEARCH_USER_PATHS = NO;
				CLANG_ANALYZER_NONNULL = YES;
				CLANG_ANALYZER_NUMBER_OBJECT_CONVERSION = YES_AGGRESSIVE;
				CLANG_CXX_LANGUAGE_STANDARD = "gnu++17";
				CLANG_ENABLE_MODULES = YES;
				CLANG_ENABLE_OBJC_ARC = YES;
				CLANG_ENABLE_OBJC_WEAK = YES;
				CLANG_WARN_BLOCK_CAPTURE_AUTORELEASING = YES;
				CLANG_WARN_BOOL_CONVERSION = YES;
				CLANG_WARN_COMMA = YES;
				CLANG_WARN_CONSTANT_CONVERSION = YES;
				CLANG_WARN_DEPRECATED_OBJC_IMPLEMENTATIONS = YES;
				CLANG_WARN_DIRECT_OBJC_ISA_USAGE = YES_ERROR;
				CLANG_WARN_DOCUMENTATION_COMMENTS = YES;
				CLANG_WARN_EMPTY_BODY = YES;
				CLANG_WARN_ENUM_CONVERSION = YES;
				CLANG_WARN_INFINITE_RECURSION = YES;
				CLANG_WARN_INT_CONVERSION = YES;
				CLANG_WARN_NON_LITERAL_NULL_CONVERSION = YES;
				CLANG_WARN_OBJC_IMPLICIT_RETAIN_SELF = YES;
				CLANG_WARN_OBJC_LITERAL_CONVERSION = YES;
				CLANG_WARN_OBJC_ROOT_CLASS = YES_ERROR;
				CLANG_WARN_QUOTED_INCLUDE_IN_FRAMEWORK_HEADER = YES;
				CLANG_WARN_RANGE_LOOP_ANALYSIS = YES;
				CLANG_WARN_STRICT_PROTOTYPES = YES;
				CLANG_WARN_SUSPICIOUS_MOVE = YES;
				CLANG_WARN_UNGUARDED_AVAILABILITY = YES_AGGRESSIVE;
				CLANG_WARN_UNREACHABLE_CODE = YES;
				CLANG_WARN__DUPLICATE_METHOD_MATCH = YES;
				COPY_PHASE_STRIP = NO;
				DEBUG_INFORMATION_FORMAT = dwarf;
				ENABLE_STRICT_OBJC_MSGSEND = YES;
				ENABLE_TESTABILITY = YES;
				GCC_C_LANGUAGE_STANDARD = gnu11;
				GCC_DYNAMIC_NO_PIC = NO;
				GCC_NO_COMMON_BLOCKS = YES;
				GCC_OPTIMIZATION_LEVEL = 0;
				GCC_PREPROCESSOR_DEFINITIONS = (
					"DEBUG=1",
					"$(inherited)",
				);
				GCC_WARN_64_TO_32_BIT_CONVERSION = YES;
				GCC_WARN_ABOUT_RETURN_TYPE = YES_ERROR;
				GCC_WARN_UNDECLARED_SELECTOR = YES;
				GCC_WARN_UNINITIALIZED_AUTOS = YES_AGGRESSIVE;
				GCC_WARN_UNUSED_FUNCTION = YES;
				GCC_WARN_UNUSED_VARIABLE = YES;
				MTL_ENABLE_DEBUG_INFO = INCLUDE_SOURCE;
				MTL_FAST_MATH = YES;
				ONLY_ACTIVE_ARCH = YES;
				SWIFT_ACTIVE_COMPILATION_CONDITIONS = DEBUG;
				SWIFT_OPTIMIZATION_LEVEL = "-Onone";
			};
			name = Debug;
		};
		3BBC15D0280B4B3B00353648 /* Release */ = {
			isa = XCBuildConfiguration;
			buildSettings = {
				ALWAYS_SEARCH_USER_PATHS = NO;
				CLANG_ANALYZER_NONNULL = YES;
				CLANG_ANALYZER_NUMBER_OBJECT_CONVERSION = YES_AGGRESSIVE;
				CLANG_CXX_LANGUAGE_STANDARD = "gnu++17";
				CLANG_ENABLE_MODULES = YES;
				CLANG_ENABLE_OBJC_ARC = YES;
				CLANG_ENABLE_OBJC_WEAK = YES;
				CLANG_WARN_BLOCK_CAPTURE_AUTORELEASING = YES;
				CLANG_WARN_BOOL_CONVERSION = YES;
				CLANG_WARN_COMMA = YES;
				CLANG_WARN_CONSTANT_CONVERSION = YES;
				CLANG_WARN_DEPRECATED_OBJC_IMPLEMENTATIONS = YES;
				CLANG_WARN_DIRECT_OBJC_ISA_USAGE = YES_ERROR;
				CLANG_WARN_DOCUMENTATION_COMMENTS = YES;
				CLANG_WARN_EMPTY_BODY = YES;
				CLANG_WARN_ENUM_CONVERSION = YES;
				CLANG_WARN_INFINITE_RECURSION = YES;
				CLANG_WARN_INT_CONVERSION = YES;
				CLANG_WARN_NON_LITERAL_NULL_CONVERSION = YES;
				CLANG_WARN_OBJC_IMPLICIT_RETAIN_SELF = YES;
				CLANG_WARN_OBJC_LITERAL_CONVERSION = YES;
				CLANG_WARN_OBJC_ROOT_CLASS = YES_ERROR;
				CLANG_WARN_QUOTED_INCLUDE_IN_FRAMEWORK_HEADER = YES;
				CLANG_WARN_RANGE_LOOP_ANALYSIS = YES;
				CLANG_WARN_STRICT_PROTOTYPES = YES;
				CLANG_WARN_SUSPICIOUS_MOVE = YES;
				CLANG_WARN_UNGUARDED_AVAILABILITY = YES_AGGRESSIVE;
				CLANG_WARN_UNREACHABLE_CODE = YES;
				CLANG_WARN__DUPLICATE_METHOD_MATCH = YES;
				COPY_PHASE_STRIP = NO;
				DEBUG_INFORMATION_FORMAT = "dwarf-with-dsym";
				ENABLE_NS_ASSERTIONS = NO;
				ENABLE_STRICT_OBJC_MSGSEND = YES;
				GCC_C_LANGUAGE_STANDARD = gnu11;
				GCC_NO_COMMON_BLOCKS = YES;
				GCC_WARN_64_TO_32_BIT_CONVERSION = YES;
				GCC_WARN_ABOUT_RETURN_TYPE = YES_ERROR;
				GCC_WARN_UNDECLARED_SELECTOR = YES;
				GCC_WARN_UNINITIALIZED_AUTOS = YES_AGGRESSIVE;
				GCC_WARN_UNUSED_FUNCTION = YES;
				GCC_WARN_UNUSED_VARIABLE = YES;
				MTL_ENABLE_DEBUG_INFO = NO;
				MTL_FAST_MATH = YES;
				SWIFT_COMPILATION_MODE = wholemodule;
				SWIFT_OPTIMIZATION_LEVEL = "-O";
			};
			name = Release;
		};
		3BBC15D2280B4B3B00353648 /* Debug */ = {
			isa = XCBuildConfiguration;
			buildSettings = {
				ASSETCATALOG_COMPILER_APPICON_NAME = AppIcon;
				ASSETCATALOG_COMPILER_GLOBAL_ACCENT_COLOR_NAME = AccentColor;
				CODE_SIGN_STYLE = Automatic;
				CURRENT_PROJECT_VERSION = 1;
				DEVELOPMENT_TEAM = 7XP2RUZ6VP;
				ENABLE_PREVIEWS = YES;
				GENERATE_INFOPLIST_FILE = YES;
				INFOPLIST_FILE = "VideoPlayerApp--iOS--Info.plist";
				INFOPLIST_KEY_UIApplicationSceneManifest_Generation = YES;
				INFOPLIST_KEY_UIApplicationSupportsIndirectInputEvents = YES;
				INFOPLIST_KEY_UILaunchScreen_Generation = YES;
				INFOPLIST_KEY_UISupportedInterfaceOrientations_iPad = "UIInterfaceOrientationPortrait UIInterfaceOrientationPortraitUpsideDown UIInterfaceOrientationLandscapeLeft UIInterfaceOrientationLandscapeRight";
				INFOPLIST_KEY_UISupportedInterfaceOrientations_iPhone = "UIInterfaceOrientationPortrait UIInterfaceOrientationLandscapeLeft UIInterfaceOrientationLandscapeRight";
				IPHONEOS_DEPLOYMENT_TARGET = 15.3;
				LD_RUNPATH_SEARCH_PATHS = (
					"$(inherited)",
					"@executable_path/Frameworks",
				);
				MARKETING_VERSION = 1.0;
				PRODUCT_BUNDLE_IDENTIFIER = Rohan.PersonalProject.VideoPlayerApp;
				PRODUCT_NAME = VideoPlayerApp;
				SDKROOT = iphoneos;
				SWIFT_EMIT_LOC_STRINGS = YES;
				SWIFT_VERSION = 5.0;
				TARGETED_DEVICE_FAMILY = "1,2";
			};
			name = Debug;
		};
		3BBC15D3280B4B3B00353648 /* Release */ = {
			isa = XCBuildConfiguration;
			buildSettings = {
				ASSETCATALOG_COMPILER_APPICON_NAME = AppIcon;
				ASSETCATALOG_COMPILER_GLOBAL_ACCENT_COLOR_NAME = AccentColor;
				CODE_SIGN_STYLE = Automatic;
				CURRENT_PROJECT_VERSION = 1;
				DEVELOPMENT_TEAM = 7XP2RUZ6VP;
				ENABLE_PREVIEWS = YES;
				GENERATE_INFOPLIST_FILE = YES;
				INFOPLIST_FILE = "VideoPlayerApp--iOS--Info.plist";
				INFOPLIST_KEY_UIApplicationSceneManifest_Generation = YES;
				INFOPLIST_KEY_UIApplicationSupportsIndirectInputEvents = YES;
				INFOPLIST_KEY_UILaunchScreen_Generation = YES;
				INFOPLIST_KEY_UISupportedInterfaceOrientations_iPad = "UIInterfaceOrientationPortrait UIInterfaceOrientationPortraitUpsideDown UIInterfaceOrientationLandscapeLeft UIInterfaceOrientationLandscapeRight";
				INFOPLIST_KEY_UISupportedInterfaceOrientations_iPhone = "UIInterfaceOrientationPortrait UIInterfaceOrientationLandscapeLeft UIInterfaceOrientationLandscapeRight";
				IPHONEOS_DEPLOYMENT_TARGET = 15.3;
				LD_RUNPATH_SEARCH_PATHS = (
					"$(inherited)",
					"@executable_path/Frameworks",
				);
				MARKETING_VERSION = 1.0;
				PRODUCT_BUNDLE_IDENTIFIER = Rohan.PersonalProject.VideoPlayerApp;
				PRODUCT_NAME = VideoPlayerApp;
				SDKROOT = iphoneos;
				SWIFT_EMIT_LOC_STRINGS = YES;
				SWIFT_VERSION = 5.0;
				TARGETED_DEVICE_FAMILY = "1,2";
				VALIDATE_PRODUCT = YES;
			};
			name = Release;
		};
		3BBC15D5280B4B3B00353648 /* Debug */ = {
			isa = XCBuildConfiguration;
			buildSettings = {
				ASSETCATALOG_COMPILER_APPICON_NAME = AppIcon;
				ASSETCATALOG_COMPILER_GLOBAL_ACCENT_COLOR_NAME = AccentColor;
				CODE_SIGN_ENTITLEMENTS = macOS/macOS.entitlements;
				CODE_SIGN_STYLE = Automatic;
				COMBINE_HIDPI_IMAGES = YES;
				CURRENT_PROJECT_VERSION = 1;
				DEVELOPMENT_TEAM = 7XP2RUZ6VP;
				ENABLE_HARDENED_RUNTIME = YES;
				ENABLE_PREVIEWS = YES;
				GENERATE_INFOPLIST_FILE = YES;
				INFOPLIST_KEY_NSHumanReadableCopyright = "";
				LD_RUNPATH_SEARCH_PATHS = (
					"$(inherited)",
					"@executable_path/../Frameworks",
				);
				MACOSX_DEPLOYMENT_TARGET = 12.3;
				MARKETING_VERSION = 1.0;
				PRODUCT_BUNDLE_IDENTIFIER = Rohan.PersonalProject.VideoPlayerApp;
				PRODUCT_NAME = VideoPlayerApp;
				SDKROOT = macosx;
				SWIFT_EMIT_LOC_STRINGS = YES;
				SWIFT_VERSION = 5.0;
			};
			name = Debug;
		};
		3BBC15D6280B4B3B00353648 /* Release */ = {
			isa = XCBuildConfiguration;
			buildSettings = {
				ASSETCATALOG_COMPILER_APPICON_NAME = AppIcon;
				ASSETCATALOG_COMPILER_GLOBAL_ACCENT_COLOR_NAME = AccentColor;
				CODE_SIGN_ENTITLEMENTS = macOS/macOS.entitlements;
				CODE_SIGN_STYLE = Automatic;
				COMBINE_HIDPI_IMAGES = YES;
				CURRENT_PROJECT_VERSION = 1;
				DEVELOPMENT_TEAM = 7XP2RUZ6VP;
				ENABLE_HARDENED_RUNTIME = YES;
				ENABLE_PREVIEWS = YES;
				GENERATE_INFOPLIST_FILE = YES;
				INFOPLIST_KEY_NSHumanReadableCopyright = "";
				LD_RUNPATH_SEARCH_PATHS = (
					"$(inherited)",
					"@executable_path/../Frameworks",
				);
				MACOSX_DEPLOYMENT_TARGET = 12.3;
				MARKETING_VERSION = 1.0;
				PRODUCT_BUNDLE_IDENTIFIER = Rohan.PersonalProject.VideoPlayerApp;
				PRODUCT_NAME = VideoPlayerApp;
				SDKROOT = macosx;
				SWIFT_EMIT_LOC_STRINGS = YES;
				SWIFT_VERSION = 5.0;
			};
			name = Release;
		};
		3BBC15D8280B4B3B00353648 /* Debug */ = {
			isa = XCBuildConfiguration;
			buildSettings = {
				ALWAYS_EMBED_SWIFT_STANDARD_LIBRARIES = YES;
				CODE_SIGN_STYLE = Automatic;
				CURRENT_PROJECT_VERSION = 1;
				DEVELOPMENT_TEAM = 7XP2RUZ6VP;
				GENERATE_INFOPLIST_FILE = YES;
				IPHONEOS_DEPLOYMENT_TARGET = 15.4;
				MARKETING_VERSION = 1.0;
				PRODUCT_BUNDLE_IDENTIFIER = "Rohan.PersonalProject.Tests-iOS";
				PRODUCT_NAME = "$(TARGET_NAME)";
				SDKROOT = iphoneos;
				SWIFT_EMIT_LOC_STRINGS = NO;
				SWIFT_VERSION = 5.0;
				TARGETED_DEVICE_FAMILY = "1,2";
				TEST_TARGET_NAME = "VideoPlayerApp (iOS)";
			};
			name = Debug;
		};
		3BBC15D9280B4B3B00353648 /* Release */ = {
			isa = XCBuildConfiguration;
			buildSettings = {
				ALWAYS_EMBED_SWIFT_STANDARD_LIBRARIES = YES;
				CODE_SIGN_STYLE = Automatic;
				CURRENT_PROJECT_VERSION = 1;
				DEVELOPMENT_TEAM = 7XP2RUZ6VP;
				GENERATE_INFOPLIST_FILE = YES;
				IPHONEOS_DEPLOYMENT_TARGET = 15.4;
				MARKETING_VERSION = 1.0;
				PRODUCT_BUNDLE_IDENTIFIER = "Rohan.PersonalProject.Tests-iOS";
				PRODUCT_NAME = "$(TARGET_NAME)";
				SDKROOT = iphoneos;
				SWIFT_EMIT_LOC_STRINGS = NO;
				SWIFT_VERSION = 5.0;
				TARGETED_DEVICE_FAMILY = "1,2";
				TEST_TARGET_NAME = "VideoPlayerApp (iOS)";
				VALIDATE_PRODUCT = YES;
			};
			name = Release;
		};
		3BBC15DB280B4B3B00353648 /* Debug */ = {
			isa = XCBuildConfiguration;
			buildSettings = {
				ALWAYS_EMBED_SWIFT_STANDARD_LIBRARIES = YES;
				CODE_SIGN_STYLE = Automatic;
				CURRENT_PROJECT_VERSION = 1;
				DEVELOPMENT_TEAM = 7XP2RUZ6VP;
				GENERATE_INFOPLIST_FILE = YES;
				MACOSX_DEPLOYMENT_TARGET = 12.3;
				MARKETING_VERSION = 1.0;
				PRODUCT_BUNDLE_IDENTIFIER = "Rohan.PersonalProject.Tests-macOS";
				PRODUCT_NAME = "$(TARGET_NAME)";
				SDKROOT = macosx;
				SWIFT_EMIT_LOC_STRINGS = NO;
				SWIFT_VERSION = 5.0;
				TEST_TARGET_NAME = "VideoPlayerApp (macOS)";
			};
			name = Debug;
		};
		3BBC15DC280B4B3B00353648 /* Release */ = {
			isa = XCBuildConfiguration;
			buildSettings = {
				ALWAYS_EMBED_SWIFT_STANDARD_LIBRARIES = YES;
				CODE_SIGN_STYLE = Automatic;
				CURRENT_PROJECT_VERSION = 1;
				DEVELOPMENT_TEAM = 7XP2RUZ6VP;
				GENERATE_INFOPLIST_FILE = YES;
				MACOSX_DEPLOYMENT_TARGET = 12.3;
				MARKETING_VERSION = 1.0;
				PRODUCT_BUNDLE_IDENTIFIER = "Rohan.PersonalProject.Tests-macOS";
				PRODUCT_NAME = "$(TARGET_NAME)";
				SDKROOT = macosx;
				SWIFT_EMIT_LOC_STRINGS = NO;
				SWIFT_VERSION = 5.0;
				TEST_TARGET_NAME = "VideoPlayerApp (macOS)";
			};
			name = Release;
		};
/* End XCBuildConfiguration section */

/* Begin XCConfigurationList section */
		3BBC159F280B4B3800353648 /* Build configuration list for PBXProject "VideoPlayerApp" */ = {
			isa = XCConfigurationList;
			buildConfigurations = (
				3BBC15CF280B4B3B00353648 /* Debug */,
				3BBC15D0280B4B3B00353648 /* Release */,
			);
			defaultConfigurationIsVisible = 0;
			defaultConfigurationName = Release;
		};
		3BBC15D1280B4B3B00353648 /* Build configuration list for PBXNativeTarget "VideoPlayerApp (iOS)" */ = {
			isa = XCConfigurationList;
			buildConfigurations = (
				3BBC15D2280B4B3B00353648 /* Debug */,
				3BBC15D3280B4B3B00353648 /* Release */,
			);
			defaultConfigurationIsVisible = 0;
			defaultConfigurationName = Release;
		};
		3BBC15D4280B4B3B00353648 /* Build configuration list for PBXNativeTarget "VideoPlayerApp (macOS)" */ = {
			isa = XCConfigurationList;
			buildConfigurations = (
				3BBC15D5280B4B3B00353648 /* Debug */,
				3BBC15D6280B4B3B00353648 /* Release */,
			);
			defaultConfigurationIsVisible = 0;
			defaultConfigurationName = Release;
		};
		3BBC15D7280B4B3B00353648 /* Build configuration list for PBXNativeTarget "Tests iOS" */ = {
			isa = XCConfigurationList;
			buildConfigurations = (
				3BBC15D8280B4B3B00353648 /* Debug */,
				3BBC15D9280B4B3B00353648 /* Release */,
			);
			defaultConfigurationIsVisible = 0;
			defaultConfigurationName = Release;
		};
		3BBC15DA280B4B3B00353648 /* Build configuration list for PBXNativeTarget "Tests macOS" */ = {
			isa = XCConfigurationList;
			buildConfigurations = (
				3BBC15DB280B4B3B00353648 /* Debug */,
				3BBC15DC280B4B3B00353648 /* Release */,
			);
			defaultConfigurationIsVisible = 0;
			defaultConfigurationName = Release;
		};
/* End XCConfigurationList section */
	};
	rootObject = 3BBC159C280B4B3800353648 /* Project object */;
}
